<?xml version="1.0" encoding="utf-8"?>
<Project ToolsVersion="4.0" xmlns="http://schemas.microsoft.com/developer/msbuild/2003">
  <ItemGroup>
    <Filter Include="Source Files">
      <UniqueIdentifier>{4FC737F1-C7A5-4376-A066-2A32D752A2FF}</UniqueIdentifier>
      <Extensions>cpp;c;cc;cxx;def;odl;idl;hpj;bat;asm;asmx</Extensions>
    </Filter>
    <Filter Include="Header Files">
      <UniqueIdentifier>{93995380-89BD-4b04-88EB-625FBE52EBFB}</UniqueIdentifier>
      <Extensions>h;hh;hpp;hxx;hm;inl;inc;xsd</Extensions>
    </Filter>
    <Filter Include="Resource Files">
      <UniqueIdentifier>{67DA6AB6-F800-4c08-8B7A-83BB121AAD01}</UniqueIdentifier>
      <Extensions>rc;ico;cur;bmp;dlg;rc2;rct;bin;rgs;gif;jpg;jpeg;jpe;resx;tiff;tif;png;wav;mfcribbon-ms</Extensions>
    </Filter>
    <Filter Include="Source Files\ANL">
      <UniqueIdentifier>{8d7d97ab-b753-4dfc-a645-b8f004afd2bd}</UniqueIdentifier>
    </Filter>
    <Filter Include="Source Files\ANL\VM">
      <UniqueIdentifier>{69e7fb7c-85c8-43c5-94a2-ef895aa5608d}</UniqueIdentifier>
    </Filter>
    <Filter Include="Source Files\ANL\lang">
      <UniqueIdentifier>{2a40a65e-4679-4a7f-908a-e4ba25b3d2a5}</UniqueIdentifier>
    </Filter>
  </ItemGroup>
  <ItemGroup>
    <ClInclude Include="..\..\VM\BooleanBits.h">
      <Filter>Source Files\ANL\VM</Filter>
    </ClInclude>
    <ClInclude Include="..\..\VM\coordinate.h">
      <Filter>Source Files\ANL\VM</Filter>
    </ClInclude>
    <ClInclude Include="..\..\VM\hashing.h">
      <Filter>Source Files\ANL\VM</Filter>
    </ClInclude>
    <ClInclude Include="..\..\VM\instruction.h">
      <Filter>Source Files\ANL\VM</Filter>
    </ClInclude>
    <ClInclude Include="..\..\VM\kernel.h">
      <Filter>Source Files\ANL\VM</Filter>
    </ClInclude>
    <ClInclude Include="..\..\VM\noise_gen.h">
      <Filter>Source Files\ANL\VM</Filter>
    </ClInclude>
    <ClInclude Include="..\..\VM\noise_lut.h">
      <Filter>Source Files\ANL\VM</Filter>
    </ClInclude>
    <ClInclude Include="..\..\VM\random_gen.h">
      <Filter>Source Files\ANL\VM</Filter>
    </ClInclude>
    <ClInclude Include="..\..\VM\types.h">
      <Filter>Source Files\ANL\VM</Filter>
    </ClInclude>
    <ClInclude Include="..\..\VM\utility.h">
      <Filter>Source Files\ANL\VM</Filter>
    </ClInclude>
    <ClInclude Include="..\..\VM\vm.h">
      <Filter>Source Files\ANL\VM</Filter>
    </ClInclude>
    <ClInclude Include="..\..\lang\NoiseParser.h">
      <Filter>Source Files\ANL\lang</Filter>
    </ClInclude>
    <ClInclude Include="..\..\lang\NoiseParserAST.h">
      <Filter>Source Files\ANL\lang</Filter>
    </ClInclude>
    <ClInclude Include="..\..\lang\NoiseParserToken.h">
      <Filter>Source Files\ANL\lang</Filter>
    </ClInclude>
  </ItemGroup>
  <ItemGroup>
    <ClCompile Include="..\..\VM\coordinate.cpp">
      <Filter>Source Files\ANL\VM</Filter>
    </ClCompile>
    <ClCompile Include="..\..\VM\hashing.cpp">
      <Filter>Source Files\ANL\VM</Filter>
    </ClCompile>
    <ClCompile Include="..\..\VM\kernel.cpp">
      <Filter>Source Files\ANL\VM</Filter>
    </ClCompile>
    <ClCompile Include="..\..\VM\noise_gen.cpp">
      <Filter>Source Files\ANL\VM</Filter>
    </ClCompile>
    <ClCompile Include="..\..\VM\noise_lut.cpp">
      <Filter>Source Files\ANL\VM</Filter>
    </ClCompile>
    <ClCompile Include="..\..\VM\vm.cpp">
      <Filter>Source Files\ANL\VM</Filter>
    </ClCompile>
    <ClCompile Include="..\..\lang\NoiseParserAST.cpp">
      <Filter>Source Files\ANL\lang</Filter>
    </ClCompile>
    <ClCompile Include="..\..\lang\NoiseParserEmitter.cpp">
      <Filter>Source Files\ANL\lang</Filter>
    </ClCompile>
    <ClCompile Include="..\..\lang\NoiseParser.cpp">
      <Filter>Source Files\ANL\lang</Filter>
    </ClCompile>
    <ClCompile Include="..\..\tests\LangTests.cpp">
      <Filter>Source Files</Filter>
    </ClCompile>
  </ItemGroup>
</Project>